
Microsoft Visual Studio Solution File, Format Version 12.00
# Visual Studio Version 18
VisualStudioVersion = 18.1.11312.151 d18.0
MinimumVisualStudioVersion = 10.0.40219.1
Project("{FAE04EC0-301F-11D3-BF4B-00C04F79EFBC}") = "Syncdesign.AutoCAD", "Syncdesign.AutoCAD\Syncdesign.AutoCAD.csproj", "{1D452C2F-1756-4F31-BBC9-4CCEA5E8216B}"
EndProject
Project("{FAE04EC0-301F-11D3-BF4B-00C04F79EFBC}") = "Syncdesign.Ui", "Syncdesign.Ui\Syncdesign.Ui.csproj", "{170A7A9F-CAD4-4288-9A3B-A567D98F4813}"
EndProject
Project("{FAE04EC0-301F-11D3-BF4B-00C04F79EFBC}") = "Syncdesign.Presentation", "Syncdesign.Presentation\Syncdesign.Presentation.csproj", "{7FD1AFFB-A83C-45A2-80B8-6DA164C054C3}"
EndProject
Project("{FAE04EC0-301F-11D3-BF4B-00C04F79EFBC}") = "Syncdesign.Presentation.Example", "Syncdesign.Presentation.Example\Syncdesign.Presentation.Example.csproj", "{06E96AC1-D015-4DD9-9BA4-357A340EA071}"
EndProject
Project("{FAE04EC0-301F-11D3-BF4B-00C04F79EFBC}") = "Syncdesign.Client", "Syncdesign.Client\Syncdesign.Client.csproj", "{A3194932-C662-42A2-A73D-A485922EB7B4}"
EndProject
Global
	GlobalSection(SolutionConfigurationPlatforms) = preSolution
		Debug|Any CPU = Debug|Any CPU
		Release|Any CPU = Release|Any CPU
	EndGlobalSection
	GlobalSection(ProjectConfigurationPlatforms) = postSolution
		{1D452C2F-1756-4F31-BBC9-4CCEA5E8216B}.Debug|Any CPU.ActiveCfg = Debug|Any CPU
		{1D452C2F-1756-4F31-BBC9-4CCEA5E8216B}.Debug|Any CPU.Build.0 = Debug|Any CPU
		{1D452C2F-1756-4F31-BBC9-4CCEA5E8216B}.Release|Any CPU.ActiveCfg = Release|Any CPU
		{1D452C2F-1756-4F31-BBC9-4CCEA5E8216B}.Release|Any CPU.Build.0 = Release|Any CPU
		{170A7A9F-CAD4-4288-9A3B-A567D98F4813}.Debug|Any CPU.ActiveCfg = Debug|Any CPU
		{170A7A9F-CAD4-4288-9A3B-A567D98F4813}.Debug|Any CPU.Build.0 = Debug|Any CPU
		{170A7A9F-CAD4-4288-9A3B-A567D98F4813}.Release|Any CPU.ActiveCfg = Release|Any CPU
		{170A7A9F-CAD4-4288-9A3B-A567D98F4813}.Release|Any CPU.Build.0 = Release|Any CPU
		{7FD1AFFB-A83C-45A2-80B8-6DA164C054C3}.Debug|Any CPU.ActiveCfg = Debug|Any CPU
		{7FD1AFFB-A83C-45A2-80B8-6DA164C054C3}.Debug|Any CPU.Build.0 = Debug|Any CPU
		{7FD1AFFB-A83C-45A2-80B8-6DA164C054C3}.Release|Any CPU.ActiveCfg = Release|Any CPU
		{7FD1AFFB-A83C-45A2-80B8-6DA164C054C3}.Release|Any CPU.Build.0 = Release|Any CPU
		{06E96AC1-D015-4DD9-9BA4-357A340EA071}.Debug|Any CPU.ActiveCfg = Debug|Any CPU
		{06E96AC1-D015-4DD9-9BA4-357A340EA071}.Debug|Any CPU.Build.0 = Debug|Any CPU
		{06E96AC1-D015-4DD9-9BA4-357A340EA071}.Release|Any CPU.ActiveCfg = Release|Any CPU
		{06E96AC1-D015-4DD9-9BA4-357A340EA071}.Release|Any CPU.Build.0 = Release|Any CPU
		{A3194932-C662-42A2-A73D-A485922EB7B4}.Debug|Any CPU.ActiveCfg = Debug|Any CPU
		{A3194932-C662-42A2-A73D-A485922EB7B4}.Debug|Any CPU.Build.0 = Debug|Any CPU
		{A3194932-C662-42A2-A73D-A485922EB7B4}.Release|Any CPU.ActiveCfg = Release|Any CPU
		{A3194932-C662-42A2-A73D-A485922EB7B4}.Release|Any CPU.Build.0 = Release|Any CPU
	EndGlobalSection
	GlobalSection(SolutionProperties) = preSolution
		HideSolutionNode = FALSE
	EndGlobalSection
	GlobalSection(ExtensibilityGlobals) = postSolution
		SolutionGuid = {E7266542-49EE-4BFA-A6EC-6A017DD10EC9}
	EndGlobalSection
EndGlobal
